%{"certifi": {:hex, :certifi, "0.4.0"},
  "dogma": {:hex, :dogma, "0.1.4"},
  "edown": {:git, "https://github.com/uwiger/edown.git", "b7c8eb0ac1859f8fce11cbfe3526f5ec83194776", [tag: "0.7"]},
  "elastix": {:hex, :elastix, "0.1.1"},
  "elixometer": {:git, "https://github.com/pinterest/elixometer.git", "cd778fdf445fc3fc5466a0e6d9543123e83d8ede", []},
  "exactor": {:hex, :exactor, "2.2.0"},
  "exjsx": {:hex, :exjsx, "3.2.0"},
  "exometer": {:git, "https://github.com/PSPDFKit-labs/exometer.git", "fc367682a809ccd463a907e6e00e52d6d354c83f", []},
  "exometer_core": {:git, "https://github.com/PSPDFKit-labs/exometer_core.git", "ccc18cf0328692756fd9b837a88823cf979da8e1", []},
  "exvcr": {:hex, :exvcr, "0.7.2"},
  "goldrush": {:git, "git://github.com/DeadZen/goldrush.git", "71e63212f12c25827e0c1b4198d37d5d018a7fec", [tag: "0.1.6"]},
  "good_times": {:hex, :good_times, "1.1.1"},
  "hackney": {:hex, :hackney, "1.6.0"},
  "httpoison": {:hex, :httpoison, "0.8.3"},
  "idna": {:hex, :idna, "1.2.0"},
  "jsx": {:hex, :jsx, "2.6.2"},
  "lager": {:git, "https://github.com/basho/lager.git", "b6b6cebcb27ccff8acc59ae775acebc2f52e4926", [tag: "2.1.0"]},
  "meck": {:hex, :meck, "0.8.4"},
  "metrics": {:hex, :metrics, "1.0.1"},
  "mimerl": {:hex, :mimerl, "1.0.2"},
  "parse_trans": {:git, "git://github.com/uwiger/parse_trans.git", "82cc00264aa1bad8fc5c0739b7541feb4a843432", [tag: "2.9"]},
  "poison": {:hex, :poison, "2.1.0"},
  "setup": {:git, "git://github.com/uwiger/setup.git", "51ee7c9f64d2bbe9dcbb58c278e8fbfd4d0ca5e2", [tag: "1.4"]},
  "ssl_verify_fun": {:hex, :ssl_verify_fun, "1.1.0"},
  "tentacat": {:hex, :tentacat, "0.5.0"}}
